Microsoft Visual Studio Solution File, Format Version 12.00
# Visual Studio Version 17
VisualStudioVersion = 17.5.2.0
MinimumVisualStudioVersion = 10.0.40219.1
Project("{FAE04EC0-301F-11D3-BF4B-00C04F79EFBC}") = "progress-visualiser-api", "progress-visualiser-api.csproj", "{2BC730DD-535B-927F-D8B0-EC8D8EB2DBAE}"
EndProject
Global
	GlobalSection(SolutionConfigurationPlatforms) = preSolution
		Debug|Any CPU = Debug|Any CPU
		Release|Any CPU = Release|Any CPU
	EndGlobalSection
	GlobalSection(ProjectConfigurationPlatforms) = postSolution
		{2BC730DD-535B-927F-D8B0-EC8D8EB2DBAE}.Debug|Any CPU.ActiveCfg = Debug|Any CPU
		{2BC730DD-535B-927F-D8B0-EC8D8EB2DBAE}.Debug|Any CPU.Build.0 = Debug|Any CPU
		{2BC730DD-535B-927F-D8B0-EC8D8EB2DBAE}.Release|Any CPU.ActiveCfg = Release|Any CPU
		{2BC730DD-535B-927F-D8B0-EC8D8EB2DBAE}.Release|Any CPU.Build.0 = Release|Any CPU
	EndGlobalSection
	GlobalSection(SolutionProperties) = preSolution
		HideSolutionNode = FALSE
	EndGlobalSection
	GlobalSection(ExtensibilityGlobals) = postSolution
		SolutionGuid = {F80161F9-B14D-4431-9345-6F30B37A114C}
	EndGlobalSection
EndGlobal
